// !$*UTF8*$!
{
	archiveVersion = 1;
	classes = {
	};
	objectVersion = 46;
	objects = {

/* Begin PBXBuildFile section */
		B07E37F91E44820B00E4CE39 /* main.m in Sources */ = {isa = PBXBuildFile; fileRef = B07E37F81E44820B00E4CE39 /* main.m */; };
		B07E37FC1E44820B00E4CE39 /* AppDelegate.m in Sources */ = {isa = PBXBuildFile; fileRef = B07E37FB1E44820B00E4CE39 /* AppDelegate.m */; };
		B07E37FF1E44820B00E4CE39 /* ViewController.m in Sources */ = {isa = PBXBuildFile; fileRef = B07E37FE1E44820B00E4CE39 /* ViewController.m */; };
		B07E38021E44820B00E4CE39 /* Main.storyboard in Resources */ = {isa = PBXBuildFile; fileRef = B07E38001E44820B00E4CE39 /* Main.storyboard */; };
		B07E38041E44820B00E4CE39 /* Assets.xcassets in Resources */ = {isa = PBXBuildFile; fileRef = B07E38031E44820B00E4CE39 /* Assets.xcassets */; };
		B07E38071E44820B00E4CE39 /* LaunchScreen.storyboard in Resources */ = {isa = PBXBuildFile; fileRef = B07E38051E44820B00E4CE39 /* LaunchScreen.storyboard */; };
		B07E38101E44877500E4CE39 /* SectorProgress.m in Sources */ = {isa = PBXBuildFile; fileRef = B07E380F1E44877500E4CE39 /* SectorProgress.m */; };
		B07E38151E48140E00E4CE39 /* BallProgress.m in Sources */ = {isa = PBXBuildFile; fileRef = B07E38141E48140E00E4CE39 /* BallProgress.m */; };
/* End PBXBuildFile section */

/* Begin PBXFileReference section */
		B07E37F41E44820B00E4CE39 /* ProgressView.app */ = {isa = PBXFileReference; explicitFileType = wrapper.application; includeInIndex = 0; path = ProgressView.app; sourceTree = BUILT_PRODUCTS_DIR; };
		B07E37F81E44820B00E4CE39 /* main.m */ = {isa = PBXFileReference; lastKnownFileType = sourcecode.c.objc; path = main.m; sourceTree = "<group>"; };
		B07E37FA1E44820B00E4CE39 /* AppDelegate.h */ = {isa = PBXFileReference; lastKnownFileType = sourcecode.c.h; path = AppDelegate.h; sourceTree = "<group>"; };
		B07E37FB1E44820B00E4CE39 /* AppDelegate.m */ = {isa = PBXFileReference; lastKnownFileType = sourcecode.c.objc; path = AppDelegate.m; sourceTree = "<group>"; };
		B07E37FD1E44820B00E4CE39 /* ViewController.h */ = {isa = PBXFileReference; lastKnownFileType = sourcecode.c.h; path = ViewController.h; sourceTree = "<group>"; };
		B07E37FE1E44820B00E4CE39 /* ViewController.m */ = {isa = PBXFileReference; lastKnownFileType = sourcecode.c.objc; path = ViewController.m; sourceTree = "<group>"; };
		B07E38011E44820B00E4CE39 /* Base */ = {isa = PBXFileReference; lastKnownFileType = file.storyboard; name = Base; path = Base.lproj/Main.storyboard; sourceTree = "<group>"; };
		B07E38031E44820B00E4CE39 /* Assets.xcassets */ = {isa = PBXFileReference; lastKnownFileType = folder.assetcatalog; path = Assets.xcassets; sourceTree = "<group>"; };
		B07E38061E44820B00E4CE39 /* Base */ = {isa = PBXFileReference; lastKnownFileType = file.storyboard; name = Base; path = Base.lproj/LaunchScreen.storyboard; sourceTree = "<group>"; };
		B07E38081E44820B00E4CE39 /* Info.plist */ = {isa = PBXFileReference; lastKnownFileType = text.plist.xml; path = Info.plist; sourceTree = "<group>"; };
		B07E380E1E44877500E4CE39 /* SectorProgress.h */ = {isa = PBXFileReference; fileEncoding = 4; lastKnownFileType = sourcecode.c.h; path = SectorProgress.h; sourceTree = "<group>"; };
		B07E380F1E44877500E4CE39 /* SectorProgress.m */ = {isa = PBXFileReference; fileEncoding = 4; lastKnownFileType = sourcecode.c.objc; path = SectorProgress.m; sourceTree = "<group>"; };
		B07E38131E48140E00E4CE39 /* BallProgress.h */ = {isa = PBXFileReference; fileEncoding = 4; lastKnownFileType = sourcecode.c.h; path = BallProgress.h; sourceTree = "<group>"; };
		B07E38141E48140E00E4CE39 /* BallProgress.m */ = {isa = PBXFileReference; fileEncoding = 4; lastKnownFileType = sourcecode.c.objc; path = BallProgress.m; sourceTree = "<group>"; };
/* End PBXFileReference section */

/* Begin PBXFrameworksBuildPhase section */
		B07E37F11E44820B00E4CE39 /* Frameworks */ = {
			isa = PBXFrameworksBuildPhase;
			buildActionMask = 2147483647;
			files = (
			);
			runOnlyForDeploymentPostprocessing = 0;
		};
/* End PBXFrameworksBuildPhase section */

/* Begin PBXGroup section */
		B07E37EB1E44820B00E4CE39 = {
			isa = PBXGroup;
			children = (
				B07E37F61E44820B00E4CE39 /* ProgressView */,
				B07E37F51E44820B00E4CE39 /* Products */,
			);
			sourceTree = "<group>";
		};
		B07E37F51E44820B00E4CE39 /* Products */ = {
			isa = PBXGroup;
			children = (
				B07E37F41E44820B00E4CE39 /* ProgressView.app */,
			);
			name = Products;
			sourceTree = "<group>";
		};
		B07E37F61E44820B00E4CE39 /* ProgressView */ = {
			isa = PBXGroup;
			children = (
				B07E37FA1E44820B00E4CE39 /* AppDelegate.h */,
				B07E37FB1E44820B00E4CE39 /* AppDelegate.m */,
				B07E380E1E44877500E4CE39 /* SectorProgress.h */,
				B07E380F1E44877500E4CE39 /* SectorProgress.m */,
				B07E38131E48140E00E4CE39 /* BallProgress.h */,
				B07E38141E48140E00E4CE39 /* BallProgress.m */,
				B07E37FD1E44820B00E4CE39 /* ViewController.h */,
				B07E37FE1E44820B00E4CE39 /* ViewController.m */,
				B07E38001E44820B00E4CE39 /* Main.storyboard */,
				B07E38031E44820B00E4CE39 /* Assets.xcassets */,
				B07E38051E44820B00E4CE39 /* LaunchScreen.storyboard */,
				B07E38081E44820B00E4CE39 /* Info.plist */,
				B07E37F71E44820B00E4CE39 /* Supporting Files */,
			);
			path = ProgressView;
			sourceTree = "<group>";
		};
		B07E37F71E44820B00E4CE39 /* Supporting Files */ = {
			isa = PBXGroup;
			children = (
				B07E37F81E44820B00E4CE39 /* main.m */,
			);
			name = "Supporting Files";
			sourceTree = "<group>";
		};
/* End PBXGroup section */

/* Begin PBXNativeTarget section */
		B07E37F31E44820B00E4CE39 /* ProgressView */ = {
			isa = PBXNativeTarget;
			buildConfigurationList = B07E380B1E44820B00E4CE39 /* Build configuration list for PBXNativeTarget "ProgressView" */;
			buildPhases = (
				B07E37F01E44820B00E4CE39 /* Sources */,
				B07E37F11E44820B00E4CE39 /* Frameworks */,
				B07E37F21E44820B00E4CE39 /* Resources */,
			);
			buildRules = (
			);
			dependencies = (
			);
			name = ProgressView;
			productName = ProgressView;
			productReference = B07E37F41E44820B00E4CE39 /* ProgressView.app */;
			productType = "com.apple.product-type.application";
		};
/* End PBXNativeTarget section */

/* Begin PBXProject section */
		B07E37EC1E44820B00E4CE39 /* Project object */ = {
			isa = PBXProject;
			attributes = {
				LastUpgradeCheck = 0810;
				ORGANIZATIONNAME = Steven;
				TargetAttributes = {
					B07E37F31E44820B00E4CE39 = {
						CreatedOnToolsVersion = 8.1;
						ProvisioningStyle = Automatic;
					};
				};
			};
			buildConfigurationList = B07E37EF1E44820B00E4CE39 /* Build configuration list for PBXProject "ProgressView" */;
			compatibilityVersion = "Xcode 3.2";
			developmentRegion = English;
			hasScannedForEncodings = 0;
			knownRegions = (
				en,
				Base,
			);
			mainGroup = B07E37EB1E44820B00E4CE39;
			productRefGroup = B07E37F51E44820B00E4CE39 /* Products */;
			projectDirPath = "";
			projectRoot = "";
			targets = (
				B07E37F31E44820B00E4CE39 /* ProgressView */,
			);
		};
/* End PBXProject section */

/* Begin PBXResourcesBuildPhase section */
		B07E37F21E44820B00E4CE39 /* Resources */ = {
			isa = PBXResourcesBuildPhase;
			buildActionMask = 2147483647;
			files = (
				B07E38071E44820B00E4CE39 /* LaunchScreen.storyboard in Resources */,
				B07E38041E44820B00E4CE39 /* Assets.xcassets in Resources */,
				B07E38021E44820B00E4CE39 /* Main.storyboard in Resources */,
			);
			runOnlyForDeploymentPostprocessing = 0;
		};
/* End PBXResourcesBuildPhase section */

/* Begin PBXSourcesBuildPhase section */
		B07E37F01E44820B00E4CE39 /* Sources */ = {
			isa = PBXSourcesBuildPhase;
			buildActionMask = 2147483647;
			files = (
				B07E38151E48140E00E4CE39 /* BallProgress.m in Sources */,
				B07E38101E44877500E4CE39 /* SectorProgress.m in Sources */,
				B07E37FF1E44820B00E4CE39 /* ViewController.m in Sources */,
				B07E37FC1E44820B00E4CE39 /* AppDelegate.m in Sources */,
				B07E37F91E44820B00E4CE39 /* main.m in Sources */,
			);
			runOnlyForDeploymentPostprocessing = 0;
		};
/* End PBXSourcesBuildPhase section */

/* Begin PBXVariantGroup section */
		B07E38001E44820B00E4CE39 /* Main.storyboard */ = {
			isa = PBXVariantGroup;
			children = (
				B07E38011E44820B00E4CE39 /* Base */,
			);
			name = Main.storyboard;
			sourceTree = "<group>";
		};
		B07E38051E44820B00E4CE39 /* LaunchScreen.storyboard */ = {
			isa = PBXVariantGroup;
			children = (
				B07E38061E44820B00E4CE39 /* Base */,
			);
			name = LaunchScreen.storyboard;
			sourceTree = "<group>";
		};
/* End PBXVariantGroup section */

/* Begin XCBuildConfiguration section */
		B07E38091E44820B00E4CE39 /* Debug */ = {
			isa = XCBuildConfiguration;
			buildSettings = {
				ALWAYS_SEARCH_USER_PATHS = NO;
				CLANG_ANALYZER_NONNULL = YES;
				CLANG_CXX_LANGUAGE_STANDARD = "gnu++0x";
				CLANG_CXX_LIBRARY = "libc++";
				CLANG_ENABLE_MODULES = YES;
				CLANG_ENABLE_OBJC_ARC = YES;
				CLANG_WARN_BOOL_CONVERSION = YES;
				CLANG_WARN_CONSTANT_CONVERSION = YES;
				CLANG_WARN_DIRECT_OBJC_ISA_USAGE = YES_ERROR;
				CLANG_WARN_DOCUMENTATION_COMMENTS = YES;
				CLANG_WARN_EMPTY_BODY = YES;
				CLANG_WARN_ENUM_CONVERSION = YES;
				CLANG_WARN_INFINITE_RECURSION = YES;
				CLANG_WARN_INT_CONVERSION = YES;
				CLANG_WARN_OBJC_ROOT_CLASS = YES_ERROR;
				CLANG_WARN_SUSPICIOUS_MOVES = YES;
				CLANG_WARN_UNREACHABLE_CODE = YES;
				CLANG_WARN__DUPLICATE_METHOD_MATCH = YES;
				"CODE_SIGN_IDENTITY[sdk=iphoneos*]" = "iPhone Developer";
				COPY_PHASE_STRIP = NO;
				DEBUG_INFORMATION_FORMAT = dwarf;
				ENABLE_STRICT_OBJC_MSGSEND = YES;
				ENABLE_TESTABILITY = YES;
				GCC_C_LANGUAGE_STANDARD = gnu99;
				GCC_DYNAMIC_NO_PIC = NO;
				GCC_NO_COMMON_BLOCKS = YES;
				GCC_OPTIMIZATION_LEVEL = 0;
				GCC_PREPROCESSOR_DEFINITIONS = (
					"DEBUG=1",
					"$(inherited)",
				);
				GCC_WARN_64_TO_32_BIT_CONVERSION = YES;
				GCC_WARN_ABOUT_RETURN_TYPE = YES_ERROR;
				GCC_WARN_UNDECLARED_SELECTOR = YES;
				GCC_WARN_UNINITIALIZED_AUTOS = YES_AGGRESSIVE;
				GCC_WARN_UNUSED_FUNCTION = YES;
				GCC_WARN_UNUSED_VARIABLE = YES;
				IPHONEOS_DEPLOYMENT_TARGET = 10.1;
				MTL_ENABLE_DEBUG_INFO = YES;
				ONLY_ACTIVE_ARCH = YES;
				SDKROOT = iphoneos;
				TARGETED_DEVICE_FAMILY = "1,2";
			};
			name = Debug;
		};
		B07E380A1E44820B00E4CE39 /* Release */ = {
			isa = XCBuildConfiguration;
			buildSettings = {
				ALWAYS_SEARCH_USER_PATHS = NO;
				CLANG_ANALYZER_NONNULL = YES;
				CLANG_CXX_LANGUAGE_STANDARD = "gnu++0x";
				CLANG_CXX_LIBRARY = "libc++";
				CLANG_ENABLE_MODULES = YES;
				CLANG_ENABLE_OBJC_ARC = YES;
				CLANG_WARN_BOOL_CONVERSION = YES;
				CLANG_WARN_CONSTANT_CONVERSION = YES;
				CLANG_WARN_DIRECT_OBJC_ISA_USAGE = YES_ERROR;
				CLANG_WARN_DOCUMENTATION_COMMENTS = YES;
				CLANG_WARN_EMPTY_BODY = YES;
				CLANG_WARN_ENUM_CONVERSION = YES;
				CLANG_WARN_INFINITE_RECURSION = YES;
				CLANG_WARN_INT_CONVERSION = YES;
				CLANG_WARN_OBJC_ROOT_CLASS = YES_ERROR;
				CLANG_WARN_SUSPICIOUS_MOVES = YES;
				CLANG_WARN_UNREACHABLE_CODE = YES;
				CLANG_WARN__DUPLICATE_METHOD_MATCH = YES;
				"CODE_SIGN_IDENTITY[sdk=iphoneos*]" = "iPhone Developer";
				COPY_PHASE_STRIP = NO;
				DEBUG_INFORMATION_FORMAT = "dwarf-with-dsym";
				ENABLE_NS_ASSERTIONS = NO;
				ENABLE_STRICT_OBJC_MSGSEND = YES;
				GCC_C_LANGUAGE_STANDARD = gnu99;
				GCC_NO_COMMON_BLOCKS = YES;
				GCC_WARN_64_TO_32_BIT_CONVERSION = YES;
				GCC_WARN_ABOUT_RETURN_TYPE = YES_ERROR;
				GCC_WARN_UNDECLARED_SELECTOR = YES;
				GCC_WARN_UNINITIALIZED_AUTOS = YES_AGGRESSIVE;
				GCC_WARN_UNUSED_FUNCTION = YES;
				GCC_WARN_UNUSED_VARIABLE = YES;
				IPHONEOS_DEPLOYMENT_TARGET = 10.1;
				MTL_ENABLE_DEBUG_INFO = NO;
				SDKROOT = iphoneos;
				TARGETED_DEVICE_FAMILY = "1,2";
				VALIDATE_PRODUCT = YES;
			};
			name = Release;
		};
		B07E380C1E44820B00E4CE39 /* Debug */ = {
			isa = XCBuildConfiguration;
			buildSettings = {
				ASSETCATALOG_COMPILER_APPICON_NAME = AppIcon;
				INFOPLIST_FILE = ProgressView/Info.plist;
				LD_RUNPATH_SEARCH_PATHS = "$(inherited) @executable_path/Frameworks";
				PRODUCT_BUNDLE_IDENTIFIER = Crazy.ProgressView;
				PRODUCT_NAME = "$(TARGET_NAME)";
			};
			name = Debug;
		};
		B07E380D1E44820B00E4CE39 /* Release */ = {
			isa = XCBuildConfiguration;
			buildSettings = {
				ASSETCATALOG_COMPILER_APPICON_NAME = AppIcon;
				INFOPLIST_FILE = ProgressView/Info.plist;
				LD_RUNPATH_SEARCH_PATHS = "$(inherited) @executable_path/Frameworks";
				PRODUCT_BUNDLE_IDENTIFIER = Crazy.ProgressView;
				PRODUCT_NAME = "$(TARGET_NAME)";
			};
			name = Release;
		};
/* End XCBuildConfiguration section */

/* Begin XCConfigurationList section */
		B07E37EF1E44820B00E4CE39 /* Build configuration list for PBXProject "ProgressView" */ = {
			isa = XCConfigurationList;
			buildConfigurations = (
				B07E38091E44820B00E4CE39 /* Debug */,
				B07E380A1E44820B00E4CE39 /* Release */,
			);
			defaultConfigurationIsVisible = 0;
			defaultConfigurationName = Release;
		};
		B07E380B1E44820B00E4CE39 /* Build configuration list for PBXNativeTarget "ProgressView" */ = {
			isa = XCConfigurationList;
			buildConfigurations = (
				B07E380C1E44820B00E4CE39 /* Debug */,
				B07E380D1E44820B00E4CE39 /* Release */,
			);
			defaultConfigurationIsVisible = 0;
		};
/* End XCConfigurationList section */
	};
	rootObject = B07E37EC1E44820B00E4CE39 /* Project object */;
}
